// !$*UTF8*$!
{
	archiveVersion = 1;
	classes = {
	};
	objectVersion = 48;
	objects = {

/* Begin PBXBuildFile section */
		8110D7CC2020475600DBB5F0 /* AppDelegate.swift in Sources */ = {isa = PBXBuildFile; fileRef = 8110D7CB2020475600DBB5F0 /* AppDelegate.swift */; };
		8110D7CE2020475600DBB5F0 /* ViewController.swift in Sources */ = {isa = PBXBuildFile; fileRef = 8110D7CD2020475600DBB5F0 /* ViewController.swift */; };
		8110D7D12020475600DBB5F0 /* Main.storyboard in Resources */ = {isa = PBXBuildFile; fileRef = 8110D7CF2020475600DBB5F0 /* Main.storyboard */; };
		8110D7D32020475600DBB5F0 /* Assets.xcassets in Resources */ = {isa = PBXBuildFile; fileRef = 8110D7D22020475600DBB5F0 /* Assets.xcassets */; };
		8110D7D62020475600DBB5F0 /* LaunchScreen.storyboard in Resources */ = {isa = PBXBuildFile; fileRef = 8110D7D42020475600DBB5F0 /* LaunchScreen.storyboard */; };
		8110D7DE2020478800DBB5F0 /* VC1.swift in Sources */ = {isa = PBXBuildFile; fileRef = 8110D7DD2020478800DBB5F0 /* VC1.swift */; };
		8110D7E02020479400DBB5F0 /* VC2.swift in Sources */ = {isa = PBXBuildFile; fileRef = 8110D7DF2020479400DBB5F0 /* VC2.swift */; };
/* End PBXBuildFile section */

/* Begin PBXFileReference section */
		8110D7C82020475600DBB5F0 /* DataPassingWithNavigationController.app */ = {isa = PBXFileReference; explicitFileType = wrapper.application; includeInIndex = 0; path = DataPassingWithNavigationController.app; sourceTree = BUILT_PRODUCTS_DIR; };
		8110D7CB2020475600DBB5F0 /* AppDelegate.swift */ = {isa = PBXFileReference; lastKnownFileType = sourcecode.swift; path = AppDelegate.swift; sourceTree = "<group>"; };
		8110D7CD2020475600DBB5F0 /* ViewController.swift */ = {isa = PBXFileReference; lastKnownFileType = sourcecode.swift; path = ViewController.swift; sourceTree = "<group>"; };
		8110D7D02020475600DBB5F0 /* Base */ = {isa = PBXFileReference; lastKnownFileType = file.storyboard; name = Base; path = Base.lproj/Main.storyboard; sourceTree = "<group>"; };
		8110D7D22020475600DBB5F0 /* Assets.xcassets */ = {isa = PBXFileReference; lastKnownFileType = folder.assetcatalog; path = Assets.xcassets; sourceTree = "<group>"; };
		8110D7D52020475600DBB5F0 /* Base */ = {isa = PBXFileReference; lastKnownFileType = file.storyboard; name = Base; path = Base.lproj/LaunchScreen.storyboard; sourceTree = "<group>"; };
		8110D7D72020475600DBB5F0 /* Info.plist */ = {isa = PBXFileReference; lastKnownFileType = text.plist.xml; path = Info.plist; sourceTree = "<group>"; };
		8110D7DD2020478800DBB5F0 /* VC1.swift */ = {isa = PBXFileReference; lastKnownFileType = sourcecode.swift; path = VC1.swift; sourceTree = "<group>"; };
		8110D7DF2020479400DBB5F0 /* VC2.swift */ = {isa = PBXFileReference; lastKnownFileType = sourcecode.swift; path = VC2.swift; sourceTree = "<group>"; };
/* End PBXFileReference section */

/* Begin PBXFrameworksBuildPhase section */
		8110D7C52020475600DBB5F0 /* Frameworks */ = {
			isa = PBXFrameworksBuildPhase;
			buildActionMask = 2147483647;
			files = (
			);
			runOnlyForDeploymentPostprocessing = 0;
		};
/* End PBXFrameworksBuildPhase section */

/* Begin PBXGroup section */
		8110D7BF2020475600DBB5F0 = {
			isa = PBXGroup;
			children = (
				8110D7CA2020475600DBB5F0 /* DataPassingWithNavigationController */,
				8110D7C92020475600DBB5F0 /* Products */,
			);
			sourceTree = "<group>";
		};
		8110D7C92020475600DBB5F0 /* Products */ = {
			isa = PBXGroup;
			children = (
				8110D7C82020475600DBB5F0 /* DataPassingWithNavigationController.app */,
			);
			name = Products;
			sourceTree = "<group>";
		};
		8110D7CA2020475600DBB5F0 /* DataPassingWithNavigationController */ = {
			isa = PBXGroup;
			children = (
				8110D7CB2020475600DBB5F0 /* AppDelegate.swift */,
				8110D7CD2020475600DBB5F0 /* ViewController.swift */,
				8110D7CF2020475600DBB5F0 /* Main.storyboard */,
				8110D7D22020475600DBB5F0 /* Assets.xcassets */,
				8110D7D42020475600DBB5F0 /* LaunchScreen.storyboard */,
				8110D7D72020475600DBB5F0 /* Info.plist */,
				8110D7DD2020478800DBB5F0 /* VC1.swift */,
				8110D7DF2020479400DBB5F0 /* VC2.swift */,
			);
			path = DataPassingWithNavigationController;
			sourceTree = "<group>";
		};
/* End PBXGroup section */

/* Begin PBXNativeTarget section */
		8110D7C72020475600DBB5F0 /* DataPassingWithNavigationController */ = {
			isa = PBXNativeTarget;
			buildConfigurationList = 8110D7DA2020475600DBB5F0 /* Build configuration list for PBXNativeTarget "DataPassingWithNavigationController" */;
			buildPhases = (
				8110D7C42020475600DBB5F0 /* Sources */,
				8110D7C52020475600DBB5F0 /* Frameworks */,
				8110D7C62020475600DBB5F0 /* Resources */,
			);
			buildRules = (
			);
			dependencies = (
			);
			name = DataPassingWithNavigationController;
			productName = DataPassingWithNavigationController;
			productReference = 8110D7C82020475600DBB5F0 /* DataPassingWithNavigationController.app */;
			productType = "com.apple.product-type.application";
		};
/* End PBXNativeTarget section */

/* Begin PBXProject section */
		8110D7C02020475600DBB5F0 /* Project object */ = {
			isa = PBXProject;
			attributes = {
				LastSwiftUpdateCheck = 0920;
				LastUpgradeCheck = 0920;
				ORGANIZATIONNAME = "Vishal Patel";
				TargetAttributes = {
					8110D7C72020475600DBB5F0 = {
						CreatedOnToolsVersion = 9.2;
						ProvisioningStyle = Automatic;
					};
				};
			};
			buildConfigurationList = 8110D7C32020475600DBB5F0 /* Build configuration list for PBXProject "DataPassingWithNavigationController" */;
			compatibilityVersion = "Xcode 8.0";
			developmentRegion = en;
			hasScannedForEncodings = 0;
			knownRegions = (
				en,
				Base,
			);
			mainGroup = 8110D7BF2020475600DBB5F0;
			productRefGroup = 8110D7C92020475600DBB5F0 /* Products */;
			projectDirPath = "";
			projectRoot = "";
			targets = (
				8110D7C72020475600DBB5F0 /* DataPassingWithNavigationController */,
			);
		};
/* End PBXProject section */

/* Begin PBXResourcesBuildPhase section */
		8110D7C62020475600DBB5F0 /* Resources */ = {
			isa = PBXResourcesBuildPhase;
			buildActionMask = 2147483647;
			files = (
				8110D7D62020475600DBB5F0 /* LaunchScreen.storyboard in Resources */,
				8110D7D32020475600DBB5F0 /* Assets.xcassets in Resources */,
				8110D7D12020475600DBB5F0 /* Main.storyboard in Resources */,
			);
			runOnlyForDeploymentPostprocessing = 0;
		};
/* End PBXResourcesBuildPhase section */

/* Begin PBXSourcesBuildPhase section */
		8110D7C42020475600DBB5F0 /* Sources */ = {
			isa = PBXSourcesBuildPhase;
			buildActionMask = 2147483647;
			files = (
				8110D7DE2020478800DBB5F0 /* VC1.swift in Sources */,
				8110D7CE2020475600DBB5F0 /* ViewController.swift in Sources */,
				8110D7CC2020475600DBB5F0 /* AppDelegate.swift in Sources */,
				8110D7E02020479400DBB5F0 /* VC2.swift in Sources */,
			);
			runOnlyForDeploymentPostprocessing = 0;
		};
/* End PBXSourcesBuildPhase section */

/* Begin PBXVariantGroup section */
		8110D7CF2020475600DBB5F0 /* Main.storyboard */ = {
			isa = PBXVariantGroup;
			children = (
				8110D7D02020475600DBB5F0 /* Base */,
			);
			name = Main.storyboard;
			sourceTree = "<group>";
		};
		8110D7D42020475600DBB5F0 /* LaunchScreen.storyboard */ = {
			isa = PBXVariantGroup;
			children = (
				8110D7D52020475600DBB5F0 /* Base */,
			);
			name = LaunchScreen.storyboard;
			sourceTree = "<group>";
		};
/* End PBXVariantGroup section */

/* Begin XCBuildConfiguration section */
		8110D7D82020475600DBB5F0 /* Debug */ = {
			isa = XCBuildConfiguration;
			buildSettings = {
				ALWAYS_SEARCH_USER_PATHS = NO;
				CLANG_ANALYZER_NONNULL = YES;
				CLANG_ANALYZER_NUMBER_OBJECT_CONVERSION = YES_AGGRESSIVE;
				CLANG_CXX_LANGUAGE_STANDARD = "gnu++14";
				CLANG_CXX_LIBRARY = "libc++";
				CLANG_ENABLE_MODULES = YES;
				CLANG_ENABLE_OBJC_ARC = YES;
				CLANG_WARN_BLOCK_CAPTURE_AUTORELEASING = YES;
				CLANG_WARN_BOOL_CONVERSION = YES;
				CLANG_WARN_COMMA = YES;
				CLANG_WARN_CONSTANT_CONVERSION = YES;
				CLANG_WARN_DIRECT_OBJC_ISA_USAGE = YES_ERROR;
				CLANG_WARN_DOCUMENTATION_COMMENTS = YES;
				CLANG_WARN_EMPTY_BODY = YES;
				CLANG_WARN_ENUM_CONVERSION = YES;
				CLANG_WARN_INFINITE_RECURSION = YES;
				CLANG_WARN_INT_CONVERSION = YES;
				CLANG_WARN_NON_LITERAL_NULL_CONVERSION = YES;
				CLANG_WARN_OBJC_LITERAL_CONVERSION = YES;
				CLANG_WARN_OBJC_ROOT_CLASS = YES_ERROR;
				CLANG_WARN_RANGE_LOOP_ANALYSIS = YES;
				CLANG_WARN_STRICT_PROTOTYPES = YES;
				CLANG_WARN_SUSPICIOUS_MOVE = YES;
				CLANG_WARN_UNGUARDED_AVAILABILITY = YES_AGGRESSIVE;
				CLANG_WARN_UNREACHABLE_CODE = YES;
				CLANG_WARN__DUPLICATE_METHOD_MATCH = YES;
				CODE_SIGN_IDENTITY = "iPhone Developer";
				COPY_PHASE_STRIP = NO;
				DEBUG_INFORMATION_FORMAT = dwarf;
				ENABLE_STRICT_OBJC_MSGSEND = YES;
				ENABLE_TESTABILITY = YES;
				GCC_C_LANGUAGE_STANDARD = gnu11;
				GCC_DYNAMIC_NO_PIC = NO;
				GCC_NO_COMMON_BLOCKS = YES;
				GCC_OPTIMIZATION_LEVEL = 0;
				GCC_PREPROCESSOR_DEFINITIONS = (
					"DEBUG=1",
					"$(inherited)",
				);
				GCC_WARN_64_TO_32_BIT_CONVERSION = YES;
				GCC_WARN_ABOUT_RETURN_TYPE = YES_ERROR;
				GCC_WARN_UNDECLARED_SELECTOR = YES;
				GCC_WARN_UNINITIALIZED_AUTOS = YES_AGGRESSIVE;
				GCC_WARN_UNUSED_FUNCTION = YES;
				GCC_WARN_UNUSED_VARIABLE = YES;
				IPHONEOS_DEPLOYMENT_TARGET = 11.2;
				MTL_ENABLE_DEBUG_INFO = YES;
				ONLY_ACTIVE_ARCH = YES;
				SDKROOT = iphoneos;
				SWIFT_ACTIVE_COMPILATION_CONDITIONS = DEBUG;
				SWIFT_OPTIMIZATION_LEVEL = "-Onone";
			};
			name = Debug;
		};
		8110D7D92020475600DBB5F0 /* Release */ = {
			isa = XCBuildConfiguration;
			buildSettings = {
				ALWAYS_SEARCH_USER_PATHS = NO;
				CLANG_ANALYZER_NONNULL = YES;
				CLANG_ANALYZER_NUMBER_OBJECT_CONVERSION = YES_AGGRESSIVE;
				CLANG_CXX_LANGUAGE_STANDARD = "gnu++14";
				CLANG_CXX_LIBRARY = "libc++";
				CLANG_ENABLE_MODULES = YES;
				CLANG_ENABLE_OBJC_ARC = YES;
				CLANG_WARN_BLOCK_CAPTURE_AUTORELEASING = YES;
				CLANG_WARN_BOOL_CONVERSION = YES;
				CLANG_WARN_COMMA = YES;
				CLANG_WARN_CONSTANT_CONVERSION = YES;
				CLANG_WARN_DIRECT_OBJC_ISA_USAGE = YES_ERROR;
				CLANG_WARN_DOCUMENTATION_COMMENTS = YES;
				CLANG_WARN_EMPTY_BODY = YES;
				CLANG_WARN_ENUM_CONVERSION = YES;
				CLANG_WARN_INFINITE_RECURSION = YES;
				CLANG_WARN_INT_CONVERSION = YES;
				CLANG_WARN_NON_LITERAL_NULL_CONVERSION = YES;
				CLANG_WARN_OBJC_LITERAL_CONVERSION = YES;
				CLANG_WARN_OBJC_ROOT_CLASS = YES_ERROR;
				CLANG_WARN_RANGE_LOOP_ANALYSIS = YES;
				CLANG_WARN_STRICT_PROTOTYPES = YES;
				CLANG_WARN_SUSPICIOUS_MOVE = YES;
				CLANG_WARN_UNGUARDED_AVAILABILITY = YES_AGGRESSIVE;
				CLANG_WARN_UNREACHABLE_CODE = YES;
				CLANG_WARN__DUPLICATE_METHOD_MATCH = YES;
				CODE_SIGN_IDENTITY = "iPhone Developer";
				COPY_PHASE_STRIP = NO;
				DEBUG_INFORMATION_FORMAT = "dwarf-with-dsym";
				ENABLE_NS_ASSERTIONS = NO;
				ENABLE_STRICT_OBJC_MSGSEND = YES;
				GCC_C_LANGUAGE_STANDARD = gnu11;
				GCC_NO_COMMON_BLOCKS = YES;
				GCC_WARN_64_TO_32_BIT_CONVERSION = YES;
				GCC_WARN_ABOUT_RETURN_TYPE = YES_ERROR;
				GCC_WARN_UNDECLARED_SELECTOR = YES;
				GCC_WARN_UNINITIALIZED_AUTOS = YES_AGGRESSIVE;
				GCC_WARN_UNUSED_FUNCTION = YES;
				GCC_WARN_UNUSED_VARIABLE = YES;
				IPHONEOS_DEPLOYMENT_TARGET = 11.2;
				MTL_ENABLE_DEBUG_INFO = NO;
				SDKROOT = iphoneos;
				SWIFT_OPTIMIZATION_LEVEL = "-Owholemodule";
				VALIDATE_PRODUCT = YES;
			};
			name = Release;
		};
		8110D7DB2020475600DBB5F0 /* Debug */ = {
			isa = XCBuildConfiguration;
			buildSettings = {
				ASSETCATALOG_COMPILER_APPICON_NAME = AppIcon;
				CODE_SIGN_STYLE = Automatic;
				INFOPLIST_FILE = DataPassingWithNavigationController/Info.plist;
				LD_RUNPATH_SEARCH_PATHS = "$(inherited) @executable_path/Frameworks";
				PRODUCT_BUNDLE_IDENTIFIER = simform.DataPassingWithNavigationController;
				PRODUCT_NAME = "$(TARGET_NAME)";
				SWIFT_VERSION = 4.0;
				TARGETED_DEVICE_FAMILY = "1,2";
			};
			name = Debug;
		};
		8110D7DC2020475600DBB5F0 /* Release */ = {
			isa = XCBuildConfiguration;
			buildSettings = {
				ASSETCATALOG_COMPILER_APPICON_NAME = AppIcon;
				CODE_SIGN_STYLE = Automatic;
				INFOPLIST_FILE = DataPassingWithNavigationController/Info.plist;
				LD_RUNPATH_SEARCH_PATHS = "$(inherited) @executable_path/Frameworks";
				PRODUCT_BUNDLE_IDENTIFIER = simform.DataPassingWithNavigationController;
				PRODUCT_NAME = "$(TARGET_NAME)";
				SWIFT_VERSION = 4.0;
				TARGETED_DEVICE_FAMILY = "1,2";
			};
			name = Release;
		};
/* End XCBuildConfiguration section */

/* Begin XCConfigurationList section */
		8110D7C32020475600DBB5F0 /* Build configuration list for PBXProject "DataPassingWithNavigationController" */ = {
			isa = XCConfigurationList;
			buildConfigurations = (
				8110D7D82020475600DBB5F0 /* Debug */,
				8110D7D92020475600DBB5F0 /* Release */,
			);
			defaultConfigurationIsVisible = 0;
			defaultConfigurationName = Release;
		};
		8110D7DA2020475600DBB5F0 /* Build configuration list for PBXNativeTarget "DataPassingWithNavigationController" */ = {
			isa = XCConfigurationList;
			buildConfigurations = (
				8110D7DB2020475600DBB5F0 /* Debug */,
				8110D7DC2020475600DBB5F0 /* Release */,
			);
			defaultConfigurationIsVisible = 0;
			defaultConfigurationName = Release;
		};
/* End XCConfigurationList section */
	};
	rootObject = 8110D7C02020475600DBB5F0 /* Project object */;
}
